
Microsoft Visual Studio Solution File, Format Version 12.00
# Visual Studio 15
VisualStudioVersion = 15.0.26730.15
MinimumVisualStudioVersion = 10.0.40219.1
Project("{FAE04EC0-301F-11D3-BF4B-00C04F79EFBC}") = "ex2_home", "ex2_home\ex2_home.csproj", "{D46550B4-EA78-438A-B741-D141C0FBBF6F}"
EndProject
Global
	GlobalSection(SolutionConfigurationPlatforms) = preSolution
		Debug|Any CPU = Debug|Any CPU
		Release|Any CPU = Release|Any CPU
	EndGlobalSection
	GlobalSection(ProjectConfigurationPlatforms) = postSolution
		{D46550B4-EA78-438A-B741-D141C0FBBF6F}.Debug|Any CPU.ActiveCfg = Debug|Any CPU
		{D46550B4-EA78-438A-B741-D141C0FBBF6F}.Debug|Any CPU.Build.0 = Debug|Any CPU
		{D46550B4-EA78-438A-B741-D141C0FBBF6F}.Release|Any CPU.ActiveCfg = Release|Any CPU
		{D46550B4-EA78-438A-B741-D141C0FBBF6F}.Release|Any CPU.Build.0 = Release|Any CPU
	EndGlobalSection
	GlobalSection(SolutionProperties) = preSolution
		HideSolutionNode = FALSE
	EndGlobalSection
	GlobalSection(ExtensibilityGlobals) = postSolution
		SolutionGuid = {9366CD02-2674-4C1F-B84E-6A9174C060AE}
	EndGlobalSection
EndGlobal
